// !$*UTF8*$!
{
	archiveVersion = 1;
	classes = {
	};
	objectVersion = 46;
	objects = {

/* Begin PBXBuildFile section */
		FF33E06E1E8737D70087515D /* AppDelegate.swift in Sources */ = {isa = PBXBuildFile; fileRef = FF33E06D1E8737D70087515D /* AppDelegate.swift */; };
		FF33E0701E8737D70087515D /* ViewController.swift in Sources */ = {isa = PBXBuildFile; fileRef = FF33E06F1E8737D70087515D /* ViewController.swift */; };
		FF33E0731E8737D70087515D /* Main.storyboard in Resources */ = {isa = PBXBuildFile; fileRef = FF33E0711E8737D70087515D /* Main.storyboard */; };
		FF33E0761E8737D70087515D /* UnownedSample.xcdatamodeld in Sources */ = {isa = PBXBuildFile; fileRef = FF33E0741E8737D70087515D /* UnownedSample.xcdatamodeld */; };
		FF33E0781E8737D70087515D /* Assets.xcassets in Resources */ = {isa = PBXBuildFile; fileRef = FF33E0771E8737D70087515D /* Assets.xcassets */; };
		FF33E07B1E8737D70087515D /* LaunchScreen.storyboard in Resources */ = {isa = PBXBuildFile; fileRef = FF33E0791E8737D70087515D /* LaunchScreen.storyboard */; };
/* End PBXBuildFile section */

/* Begin PBXFileReference section */
		FF33E06A1E8737D70087515D /* UnownedSample.app */ = {isa = PBXFileReference; explicitFileType = wrapper.application; includeInIndex = 0; path = UnownedSample.app; sourceTree = BUILT_PRODUCTS_DIR; };
		FF33E06D1E8737D70087515D /* AppDelegate.swift */ = {isa = PBXFileReference; lastKnownFileType = sourcecode.swift; path = AppDelegate.swift; sourceTree = "<group>"; };
		FF33E06F1E8737D70087515D /* ViewController.swift */ = {isa = PBXFileReference; lastKnownFileType = sourcecode.swift; path = ViewController.swift; sourceTree = "<group>"; };
		FF33E0721E8737D70087515D /* Base */ = {isa = PBXFileReference; lastKnownFileType = file.storyboard; name = Base; path = Base.lproj/Main.storyboard; sourceTree = "<group>"; };
		FF33E0751E8737D70087515D /* UnownedSample.xcdatamodel */ = {isa = PBXFileReference; lastKnownFileType = wrapper.xcdatamodel; path = UnownedSample.xcdatamodel; sourceTree = "<group>"; };
		FF33E0771E8737D70087515D /* Assets.xcassets */ = {isa = PBXFileReference; lastKnownFileType = folder.assetcatalog; path = Assets.xcassets; sourceTree = "<group>"; };
		FF33E07A1E8737D70087515D /* Base */ = {isa = PBXFileReference; lastKnownFileType = file.storyboard; name = Base; path = Base.lproj/LaunchScreen.storyboard; sourceTree = "<group>"; };
		FF33E07C1E8737D70087515D /* Info.plist */ = {isa = PBXFileReference; lastKnownFileType = text.plist.xml; path = Info.plist; sourceTree = "<group>"; };
/* End PBXFileReference section */

/* Begin PBXFrameworksBuildPhase section */
		FF33E0671E8737D70087515D /* Frameworks */ = {
			isa = PBXFrameworksBuildPhase;
			buildActionMask = 2147483647;
			files = (
			);
			runOnlyForDeploymentPostprocessing = 0;
		};
/* End PBXFrameworksBuildPhase section */

/* Begin PBXGroup section */
		FF33E0611E8737D70087515D = {
			isa = PBXGroup;
			children = (
				FF33E06C1E8737D70087515D /* UnownedSample */,
				FF33E06B1E8737D70087515D /* Products */,
			);
			sourceTree = "<group>";
		};
		FF33E06B1E8737D70087515D /* Products */ = {
			isa = PBXGroup;
			children = (
				FF33E06A1E8737D70087515D /* UnownedSample.app */,
			);
			name = Products;
			sourceTree = "<group>";
		};
		FF33E06C1E8737D70087515D /* UnownedSample */ = {
			isa = PBXGroup;
			children = (
				FF33E06D1E8737D70087515D /* AppDelegate.swift */,
				FF33E06F1E8737D70087515D /* ViewController.swift */,
				FF33E0711E8737D70087515D /* Main.storyboard */,
				FF33E0771E8737D70087515D /* Assets.xcassets */,
				FF33E0791E8737D70087515D /* LaunchScreen.storyboard */,
				FF33E07C1E8737D70087515D /* Info.plist */,
				FF33E0741E8737D70087515D /* UnownedSample.xcdatamodeld */,
			);
			path = UnownedSample;
			sourceTree = "<group>";
		};
/* End PBXGroup section */

/* Begin PBXNativeTarget section */
		FF33E0691E8737D70087515D /* UnownedSample */ = {
			isa = PBXNativeTarget;
			buildConfigurationList = FF33E07F1E8737D70087515D /* Build configuration list for PBXNativeTarget "UnownedSample" */;
			buildPhases = (
				FF33E0661E8737D70087515D /* Sources */,
				FF33E0671E8737D70087515D /* Frameworks */,
				FF33E0681E8737D70087515D /* Resources */,
			);
			buildRules = (
			);
			dependencies = (
			);
			name = UnownedSample;
			productName = UnownedSample;
			productReference = FF33E06A1E8737D70087515D /* UnownedSample.app */;
			productType = "com.apple.product-type.application";
		};
/* End PBXNativeTarget section */

/* Begin PBXProject section */
		FF33E0621E8737D70087515D /* Project object */ = {
			isa = PBXProject;
			attributes = {
				LastSwiftUpdateCheck = 0830;
				LastUpgradeCheck = 0830;
				ORGANIZATIONNAME = "Trương Thắng";
				TargetAttributes = {
					FF33E0691E8737D70087515D = {
						CreatedOnToolsVersion = 8.3;
						DevelopmentTeam = 56AJJ634ZU;
						ProvisioningStyle = Automatic;
					};
				};
			};
			buildConfigurationList = FF33E0651E8737D70087515D /* Build configuration list for PBXProject "UnownedSample" */;
			compatibilityVersion = "Xcode 3.2";
			developmentRegion = English;
			hasScannedForEncodings = 0;
			knownRegions = (
				en,
				Base,
			);
			mainGroup = FF33E0611E8737D70087515D;
			productRefGroup = FF33E06B1E8737D70087515D /* Products */;
			projectDirPath = "";
			projectRoot = "";
			targets = (
				FF33E0691E8737D70087515D /* UnownedSample */,
			);
		};
/* End PBXProject section */

/* Begin PBXResourcesBuildPhase section */
		FF33E0681E8737D70087515D /* Resources */ = {
			isa = PBXResourcesBuildPhase;
			buildActionMask = 2147483647;
			files = (
				FF33E07B1E8737D70087515D /* LaunchScreen.storyboard in Resources */,
				FF33E0781E8737D70087515D /* Assets.xcassets in Resources */,
				FF33E0731E8737D70087515D /* Main.storyboard in Resources */,
			);
			runOnlyForDeploymentPostprocessing = 0;
		};
/* End PBXResourcesBuildPhase section */

/* Begin PBXSourcesBuildPhase section */
		FF33E0661E8737D70087515D /* Sources */ = {
			isa = PBXSourcesBuildPhase;
			buildActionMask = 2147483647;
			files = (
				FF33E0701E8737D70087515D /* ViewController.swift in Sources */,
				FF33E0761E8737D70087515D /* UnownedSample.xcdatamodeld in Sources */,
				FF33E06E1E8737D70087515D /* AppDelegate.swift in Sources */,
			);
			runOnlyForDeploymentPostprocessing = 0;
		};
/* End PBXSourcesBuildPhase section */

/* Begin PBXVariantGroup section */
		FF33E0711E8737D70087515D /* Main.storyboard */ = {
			isa = PBXVariantGroup;
			children = (
				FF33E0721E8737D70087515D /* Base */,
			);
			name = Main.storyboard;
			sourceTree = "<group>";
		};
		FF33E0791E8737D70087515D /* LaunchScreen.storyboard */ = {
			isa = PBXVariantGroup;
			children = (
				FF33E07A1E8737D70087515D /* Base */,
			);
			name = LaunchScreen.storyboard;
			sourceTree = "<group>";
		};
/* End PBXVariantGroup section */

/* Begin XCBuildConfiguration section */
		FF33E07D1E8737D70087515D /* Debug */ = {
			isa = XCBuildConfiguration;
			buildSettings = {
				ALWAYS_SEARCH_USER_PATHS = NO;
				CLANG_ANALYZER_NONNULL = YES;
				CLANG_ANALYZER_NUMBER_OBJECT_CONVERSION = YES_AGGRESSIVE;
				CLANG_CXX_LANGUAGE_STANDARD = "gnu++0x";
				CLANG_CXX_LIBRARY = "libc++";
				CLANG_ENABLE_MODULES = YES;
				CLANG_ENABLE_OBJC_ARC = YES;
				CLANG_WARN_BOOL_CONVERSION = YES;
				CLANG_WARN_CONSTANT_CONVERSION = YES;
				CLANG_WARN_DIRECT_OBJC_ISA_USAGE = YES_ERROR;
				CLANG_WARN_DOCUMENTATION_COMMENTS = YES;
				CLANG_WARN_EMPTY_BODY = YES;
				CLANG_WARN_ENUM_CONVERSION = YES;
				CLANG_WARN_INFINITE_RECURSION = YES;
				CLANG_WARN_INT_CONVERSION = YES;
				CLANG_WARN_OBJC_ROOT_CLASS = YES_ERROR;
				CLANG_WARN_SUSPICIOUS_MOVE = YES;
				CLANG_WARN_UNREACHABLE_CODE = YES;
				CLANG_WARN__DUPLICATE_METHOD_MATCH = YES;
				"CODE_SIGN_IDENTITY[sdk=iphoneos*]" = "iPhone Developer";
				COPY_PHASE_STRIP = NO;
				DEBUG_INFORMATION_FORMAT = dwarf;
				ENABLE_STRICT_OBJC_MSGSEND = YES;
				ENABLE_TESTABILITY = YES;
				GCC_C_LANGUAGE_STANDARD = gnu99;
				GCC_DYNAMIC_NO_PIC = NO;
				GCC_NO_COMMON_BLOCKS = YES;
				GCC_OPTIMIZATION_LEVEL = 0;
				GCC_PREPROCESSOR_DEFINITIONS = (
					"DEBUG=1",
					"$(inherited)",
				);
				GCC_WARN_64_TO_32_BIT_CONVERSION = YES;
				GCC_WARN_ABOUT_RETURN_TYPE = YES_ERROR;
				GCC_WARN_UNDECLARED_SELECTOR = YES;
				GCC_WARN_UNINITIALIZED_AUTOS = YES_AGGRESSIVE;
				GCC_WARN_UNUSED_FUNCTION = YES;
				GCC_WARN_UNUSED_VARIABLE = YES;
				IPHONEOS_DEPLOYMENT_TARGET = 10.3;
				MTL_ENABLE_DEBUG_INFO = YES;
				ONLY_ACTIVE_ARCH = YES;
				SDKROOT = iphoneos;
				SWIFT_ACTIVE_COMPILATION_CONDITIONS = DEBUG;
				SWIFT_OPTIMIZATION_LEVEL = "-Onone";
				TARGETED_DEVICE_FAMILY = "1,2";
			};
			name = Debug;
		};
		FF33E07E1E8737D70087515D /* Release */ = {
			isa = XCBuildConfiguration;
			buildSettings = {
				ALWAYS_SEARCH_USER_PATHS = NO;
				CLANG_ANALYZER_NONNULL = YES;
				CLANG_ANALYZER_NUMBER_OBJECT_CONVERSION = YES_AGGRESSIVE;
				CLANG_CXX_LANGUAGE_STANDARD = "gnu++0x";
				CLANG_CXX_LIBRARY = "libc++";
				CLANG_ENABLE_MODULES = YES;
				CLANG_ENABLE_OBJC_ARC = YES;
				CLANG_WARN_BOOL_CONVERSION = YES;
				CLANG_WARN_CONSTANT_CONVERSION = YES;
				CLANG_WARN_DIRECT_OBJC_ISA_USAGE = YES_ERROR;
				CLANG_WARN_DOCUMENTATION_COMMENTS = YES;
				CLANG_WARN_EMPTY_BODY = YES;
				CLANG_WARN_ENUM_CONVERSION = YES;
				CLANG_WARN_INFINITE_RECURSION = YES;
				CLANG_WARN_INT_CONVERSION = YES;
				CLANG_WARN_OBJC_ROOT_CLASS = YES_ERROR;
				CLANG_WARN_SUSPICIOUS_MOVE = YES;
				CLANG_WARN_UNREACHABLE_CODE = YES;
				CLANG_WARN__DUPLICATE_METHOD_MATCH = YES;
				"CODE_SIGN_IDENTITY[sdk=iphoneos*]" = "iPhone Developer";
				COPY_PHASE_STRIP = NO;
				DEBUG_INFORMATION_FORMAT = "dwarf-with-dsym";
				ENABLE_NS_ASSERTIONS = NO;
				ENABLE_STRICT_OBJC_MSGSEND = YES;
				GCC_C_LANGUAGE_STANDARD = gnu99;
				GCC_NO_COMMON_BLOCKS = YES;
				GCC_WARN_64_TO_32_BIT_CONVERSION = YES;
				GCC_WARN_ABOUT_RETURN_TYPE = YES_ERROR;
				GCC_WARN_UNDECLARED_SELECTOR = YES;
				GCC_WARN_UNINITIALIZED_AUTOS = YES_AGGRESSIVE;
				GCC_WARN_UNUSED_FUNCTION = YES;
				GCC_WARN_UNUSED_VARIABLE = YES;
				IPHONEOS_DEPLOYMENT_TARGET = 10.3;
				MTL_ENABLE_DEBUG_INFO = NO;
				SDKROOT = iphoneos;
				SWIFT_OPTIMIZATION_LEVEL = "-Owholemodule";
				TARGETED_DEVICE_FAMILY = "1,2";
				VALIDATE_PRODUCT = YES;
			};
			name = Release;
		};
		FF33E0801E8737D70087515D /* Debug */ = {
			isa = XCBuildConfiguration;
			buildSettings = {
				ASSETCATALOG_COMPILER_APPICON_NAME = AppIcon;
				DEVELOPMENT_TEAM = 56AJJ634ZU;
				INFOPLIST_FILE = UnownedSample/Info.plist;
				LD_RUNPATH_SEARCH_PATHS = "$(inherited) @executable_path/Frameworks";
				PRODUCT_BUNDLE_IDENTIFIER = com.example.Big0.UnownedSample;
				PRODUCT_NAME = "$(TARGET_NAME)";
				SWIFT_VERSION = 3.0;
			};
			name = Debug;
		};
		FF33E0811E8737D70087515D /* Release */ = {
			isa = XCBuildConfiguration;
			buildSettings = {
				ASSETCATALOG_COMPILER_APPICON_NAME = AppIcon;
				DEVELOPMENT_TEAM = 56AJJ634ZU;
				INFOPLIST_FILE = UnownedSample/Info.plist;
				LD_RUNPATH_SEARCH_PATHS = "$(inherited) @executable_path/Frameworks";
				PRODUCT_BUNDLE_IDENTIFIER = com.example.Big0.UnownedSample;
				PRODUCT_NAME = "$(TARGET_NAME)";
				SWIFT_VERSION = 3.0;
			};
			name = Release;
		};
/* End XCBuildConfiguration section */

/* Begin XCConfigurationList section */
		FF33E0651E8737D70087515D /* Build configuration list for PBXProject "UnownedSample" */ = {
			isa = XCConfigurationList;
			buildConfigurations = (
				FF33E07D1E8737D70087515D /* Debug */,
				FF33E07E1E8737D70087515D /* Release */,
			);
			defaultConfigurationIsVisible = 0;
			defaultConfigurationName = Release;
		};
		FF33E07F1E8737D70087515D /* Build configuration list for PBXNativeTarget "UnownedSample" */ = {
			isa = XCConfigurationList;
			buildConfigurations = (
				FF33E0801E8737D70087515D /* Debug */,
				FF33E0811E8737D70087515D /* Release */,
			);
			defaultConfigurationIsVisible = 0;
		};
/* End XCConfigurationList section */

/* Begin XCVersionGroup section */
		FF33E0741E8737D70087515D /* UnownedSample.xcdatamodeld */ = {
			isa = XCVersionGroup;
			children = (
				FF33E0751E8737D70087515D /* UnownedSample.xcdatamodel */,
			);
			currentVersion = FF33E0751E8737D70087515D /* UnownedSample.xcdatamodel */;
			path = UnownedSample.xcdatamodeld;
			sourceTree = "<group>";
			versionGroupType = wrapper.xcdatamodel;
		};
/* End XCVersionGroup section */
	};
	rootObject = FF33E0621E8737D70087515D /* Project object */;
}
